
Microsoft Visual Studio Solution File, Format Version 12.00
# Visual Studio 2013
VisualStudioVersion = 12.0.30723.0
MinimumVisualStudioVersion = 10.0.40219.1
Project("{FAE04EC0-301F-11D3-BF4B-00C04F79EFBC}") = "Todoy.Web", "Todoy.Web\Todoy.Web.csproj", "{8F56E3B1-F749-45D6-BD86-D597E8327939}"
EndProject
Project("{FAE04EC0-301F-11D3-BF4B-00C04F79EFBC}") = "Todoy.Web.Test", "Todoy.Web.Test\Todoy.Web.Test.csproj", "{52E647C8-4382-44DE-9F9F-0D1EE53F5734}"
EndProject
Project("{FAE04EC0-301F-11D3-BF4B-00C04F79EFBC}") = "Todoy.Dto", "Todoy.Dto\Todoy.Dto.csproj", "{2A82E697-1E78-466A-B912-C79E2D5486FD}"
EndProject
Project("{FAE04EC0-301F-11D3-BF4B-00C04F79EFBC}") = "Todoy.Features.Users", "Todoy.Features.Users\Todoy.Features.Users.csproj", "{1A4B2662-A7D6-4187-B9B2-5B394E97D6E3}"
EndProject
Project("{2150E333-8FDC-42A3-9474-1A3956D46DE8}") = "Users", "Users", "{2E0583F1-4FCA-4AFD-A134-4AABC4BC7CA1}"
EndProject
Project("{FAE04EC0-301F-11D3-BF4B-00C04F79EFBC}") = "Todoy.Features.Users.Models", "Todoy.Features.Users.Models\Todoy.Features.Users.Models.csproj", "{DDBC6D5B-FD21-4884-9BAB-3973B273497D}"
EndProject
Project("{FAE04EC0-301F-11D3-BF4B-00C04F79EFBC}") = "Todoy.Features.Users.Dto", "Todoy.Features.Users.Dto\Todoy.Features.Users.Dto.csproj", "{9E029765-191B-4A57-900E-D522DA9D20CA}"
EndProject
Project("{2150E333-8FDC-42A3-9474-1A3956D46DE8}") = "Tests", "Tests", "{3BF9BE0C-BEAC-4989-A15C-168796F25A33}"
EndProject
Project("{FAE04EC0-301F-11D3-BF4B-00C04F79EFBC}") = "Todoy.Features.Users.Test", "Todoy.Features.Users.Test\Todoy.Features.Users.Test.csproj", "{A957B720-364B-4263-8481-4E45EA8F2069}"
EndProject
Project("{FAE04EC0-301F-11D3-BF4B-00C04F79EFBC}") = "Todoy.Features.Users.Data", "Todoy.Features.Users.Data\Todoy.Features.Users.Data.csproj", "{979B05E0-A8DF-46D7-B63D-EA7F89A10D75}"
EndProject
Project("{2150E333-8FDC-42A3-9474-1A3956D46DE8}") = ".nuget", ".nuget", "{DE40A5B7-0848-46D7-A039-200EAB53FD8E}"
	ProjectSection(SolutionItems) = preProject
		.nuget\NuGet.Config = .nuget\NuGet.Config
		.nuget\NuGet.exe = .nuget\NuGet.exe
		.nuget\NuGet.targets = .nuget\NuGet.targets
	EndProjectSection
EndProject
Project("{FAE04EC0-301F-11D3-BF4B-00C04F79EFBC}") = "Todoy.Features.Users.Data.Tests", "Todoy.Features.Users.Data.Tests\Todoy.Features.Users.Data.Tests.csproj", "{361AED31-DD1D-4193-9246-52407B171F13}"
EndProject
Project("{2150E333-8FDC-42A3-9474-1A3956D46DE8}") = "Todo", "Todo", "{F9A4A3F0-2B7D-4F54-B355-C8E3E1D7D1DF}"
EndProject
Project("{FAE04EC0-301F-11D3-BF4B-00C04F79EFBC}") = "Todoy.Features.Todos", "Todoy.Features.Todos\Todoy.Features.Todos.csproj", "{BC2E63DE-41FE-4937-AA4D-07B317A5DEF1}"
EndProject
Project("{FAE04EC0-301F-11D3-BF4B-00C04F79EFBC}") = "Todoy.Features.Todos.Models", "Todoy.Features.Todos.Models\Todoy.Features.Todos.Models.csproj", "{02A455B3-4F91-4D22-88D9-3FF0E83A9476}"
EndProject
Project("{FAE04EC0-301F-11D3-BF4B-00C04F79EFBC}") = "Todoy.Features.Todos.Dto", "Todoy.Features.Todos.Dto\Todoy.Features.Todos.Dto.csproj", "{9D2B7EA9-B8E5-4C84-A651-28117B625C5E}"
EndProject
Project("{FAE04EC0-301F-11D3-BF4B-00C04F79EFBC}") = "Todoy.Features.Todos.Data", "Todoy.Features.Todos.Data\Todoy.Features.Todos.Data.csproj", "{9B522739-75FD-4239-A697-4691848E477A}"
EndProject
Project("{FAE04EC0-301F-11D3-BF4B-00C04F79EFBC}") = "Todoy.Features.Todos.Tests", "Todoy.Features.Todos.Tests\Todoy.Features.Todos.Tests.csproj", "{243EF135-152B-4030-BB87-2B400C7C1629}"
EndProject
Global
	GlobalSection(SolutionConfigurationPlatforms) = preSolution
		Debug|Any CPU = Debug|Any CPU
		Release|Any CPU = Release|Any CPU
	EndGlobalSection
	GlobalSection(ProjectConfigurationPlatforms) = postSolution
		{8F56E3B1-F749-45D6-BD86-D597E8327939}.Debug|Any CPU.ActiveCfg = Debug|Any CPU
		{8F56E3B1-F749-45D6-BD86-D597E8327939}.Debug|Any CPU.Build.0 = Debug|Any CPU
		{8F56E3B1-F749-45D6-BD86-D597E8327939}.Release|Any CPU.ActiveCfg = Release|Any CPU
		{8F56E3B1-F749-45D6-BD86-D597E8327939}.Release|Any CPU.Build.0 = Release|Any CPU
		{52E647C8-4382-44DE-9F9F-0D1EE53F5734}.Debug|Any CPU.ActiveCfg = Debug|Any CPU
		{52E647C8-4382-44DE-9F9F-0D1EE53F5734}.Debug|Any CPU.Build.0 = Debug|Any CPU
		{52E647C8-4382-44DE-9F9F-0D1EE53F5734}.Release|Any CPU.ActiveCfg = Release|Any CPU
		{52E647C8-4382-44DE-9F9F-0D1EE53F5734}.Release|Any CPU.Build.0 = Release|Any CPU
		{2A82E697-1E78-466A-B912-C79E2D5486FD}.Debug|Any CPU.ActiveCfg = Debug|Any CPU
		{2A82E697-1E78-466A-B912-C79E2D5486FD}.Debug|Any CPU.Build.0 = Debug|Any CPU
		{2A82E697-1E78-466A-B912-C79E2D5486FD}.Release|Any CPU.ActiveCfg = Release|Any CPU
		{2A82E697-1E78-466A-B912-C79E2D5486FD}.Release|Any CPU.Build.0 = Release|Any CPU
		{1A4B2662-A7D6-4187-B9B2-5B394E97D6E3}.Debug|Any CPU.ActiveCfg = Debug|Any CPU
		{1A4B2662-A7D6-4187-B9B2-5B394E97D6E3}.Debug|Any CPU.Build.0 = Debug|Any CPU
		{1A4B2662-A7D6-4187-B9B2-5B394E97D6E3}.Release|Any CPU.ActiveCfg = Release|Any CPU
		{1A4B2662-A7D6-4187-B9B2-5B394E97D6E3}.Release|Any CPU.Build.0 = Release|Any CPU
		{DDBC6D5B-FD21-4884-9BAB-3973B273497D}.Debug|Any CPU.ActiveCfg = Debug|Any CPU
		{DDBC6D5B-FD21-4884-9BAB-3973B273497D}.Debug|Any CPU.Build.0 = Debug|Any CPU
		{DDBC6D5B-FD21-4884-9BAB-3973B273497D}.Release|Any CPU.ActiveCfg = Release|Any CPU
		{DDBC6D5B-FD21-4884-9BAB-3973B273497D}.Release|Any CPU.Build.0 = Release|Any CPU
		{9E029765-191B-4A57-900E-D522DA9D20CA}.Debug|Any CPU.ActiveCfg = Debug|Any CPU
		{9E029765-191B-4A57-900E-D522DA9D20CA}.Debug|Any CPU.Build.0 = Debug|Any CPU
		{9E029765-191B-4A57-900E-D522DA9D20CA}.Release|Any CPU.ActiveCfg = Release|Any CPU
		{9E029765-191B-4A57-900E-D522DA9D20CA}.Release|Any CPU.Build.0 = Release|Any CPU
		{A957B720-364B-4263-8481-4E45EA8F2069}.Debug|Any CPU.ActiveCfg = Debug|Any CPU
		{A957B720-364B-4263-8481-4E45EA8F2069}.Debug|Any CPU.Build.0 = Debug|Any CPU
		{A957B720-364B-4263-8481-4E45EA8F2069}.Release|Any CPU.ActiveCfg = Release|Any CPU
		{A957B720-364B-4263-8481-4E45EA8F2069}.Release|Any CPU.Build.0 = Release|Any CPU
		{979B05E0-A8DF-46D7-B63D-EA7F89A10D75}.Debug|Any CPU.ActiveCfg = Debug|Any CPU
		{979B05E0-A8DF-46D7-B63D-EA7F89A10D75}.Debug|Any CPU.Build.0 = Debug|Any CPU
		{979B05E0-A8DF-46D7-B63D-EA7F89A10D75}.Release|Any CPU.ActiveCfg = Release|Any CPU
		{979B05E0-A8DF-46D7-B63D-EA7F89A10D75}.Release|Any CPU.Build.0 = Release|Any CPU
		{361AED31-DD1D-4193-9246-52407B171F13}.Debug|Any CPU.ActiveCfg = Debug|Any CPU
		{361AED31-DD1D-4193-9246-52407B171F13}.Debug|Any CPU.Build.0 = Debug|Any CPU
		{361AED31-DD1D-4193-9246-52407B171F13}.Release|Any CPU.ActiveCfg = Release|Any CPU
		{361AED31-DD1D-4193-9246-52407B171F13}.Release|Any CPU.Build.0 = Release|Any CPU
		{BC2E63DE-41FE-4937-AA4D-07B317A5DEF1}.Debug|Any CPU.ActiveCfg = Debug|Any CPU
		{BC2E63DE-41FE-4937-AA4D-07B317A5DEF1}.Debug|Any CPU.Build.0 = Debug|Any CPU
		{BC2E63DE-41FE-4937-AA4D-07B317A5DEF1}.Release|Any CPU.ActiveCfg = Release|Any CPU
		{BC2E63DE-41FE-4937-AA4D-07B317A5DEF1}.Release|Any CPU.Build.0 = Release|Any CPU
		{02A455B3-4F91-4D22-88D9-3FF0E83A9476}.Debug|Any CPU.ActiveCfg = Debug|Any CPU
		{02A455B3-4F91-4D22-88D9-3FF0E83A9476}.Debug|Any CPU.Build.0 = Debug|Any CPU
		{02A455B3-4F91-4D22-88D9-3FF0E83A9476}.Release|Any CPU.ActiveCfg = Release|Any CPU
		{02A455B3-4F91-4D22-88D9-3FF0E83A9476}.Release|Any CPU.Build.0 = Release|Any CPU
		{9D2B7EA9-B8E5-4C84-A651-28117B625C5E}.Debug|Any CPU.ActiveCfg = Debug|Any CPU
		{9D2B7EA9-B8E5-4C84-A651-28117B625C5E}.Debug|Any CPU.Build.0 = Debug|Any CPU
		{9D2B7EA9-B8E5-4C84-A651-28117B625C5E}.Release|Any CPU.ActiveCfg = Release|Any CPU
		{9D2B7EA9-B8E5-4C84-A651-28117B625C5E}.Release|Any CPU.Build.0 = Release|Any CPU
		{9B522739-75FD-4239-A697-4691848E477A}.Debug|Any CPU.ActiveCfg = Debug|Any CPU
		{9B522739-75FD-4239-A697-4691848E477A}.Debug|Any CPU.Build.0 = Debug|Any CPU
		{9B522739-75FD-4239-A697-4691848E477A}.Release|Any CPU.ActiveCfg = Release|Any CPU
		{9B522739-75FD-4239-A697-4691848E477A}.Release|Any CPU.Build.0 = Release|Any CPU
		{243EF135-152B-4030-BB87-2B400C7C1629}.Debug|Any CPU.ActiveCfg = Debug|Any CPU
		{243EF135-152B-4030-BB87-2B400C7C1629}.Debug|Any CPU.Build.0 = Debug|Any CPU
		{243EF135-152B-4030-BB87-2B400C7C1629}.Release|Any CPU.ActiveCfg = Release|Any CPU
		{243EF135-152B-4030-BB87-2B400C7C1629}.Release|Any CPU.Build.0 = Release|Any CPU
	EndGlobalSection
	GlobalSection(SolutionProperties) = preSolution
		HideSolutionNode = FALSE
	EndGlobalSection
	GlobalSection(NestedProjects) = preSolution
		{1A4B2662-A7D6-4187-B9B2-5B394E97D6E3} = {2E0583F1-4FCA-4AFD-A134-4AABC4BC7CA1}
		{DDBC6D5B-FD21-4884-9BAB-3973B273497D} = {2E0583F1-4FCA-4AFD-A134-4AABC4BC7CA1}
		{9E029765-191B-4A57-900E-D522DA9D20CA} = {2E0583F1-4FCA-4AFD-A134-4AABC4BC7CA1}
		{A957B720-364B-4263-8481-4E45EA8F2069} = {3BF9BE0C-BEAC-4989-A15C-168796F25A33}
		{979B05E0-A8DF-46D7-B63D-EA7F89A10D75} = {2E0583F1-4FCA-4AFD-A134-4AABC4BC7CA1}
		{361AED31-DD1D-4193-9246-52407B171F13} = {3BF9BE0C-BEAC-4989-A15C-168796F25A33}
		{BC2E63DE-41FE-4937-AA4D-07B317A5DEF1} = {F9A4A3F0-2B7D-4F54-B355-C8E3E1D7D1DF}
		{02A455B3-4F91-4D22-88D9-3FF0E83A9476} = {F9A4A3F0-2B7D-4F54-B355-C8E3E1D7D1DF}
		{9D2B7EA9-B8E5-4C84-A651-28117B625C5E} = {F9A4A3F0-2B7D-4F54-B355-C8E3E1D7D1DF}
		{9B522739-75FD-4239-A697-4691848E477A} = {F9A4A3F0-2B7D-4F54-B355-C8E3E1D7D1DF}
		{243EF135-152B-4030-BB87-2B400C7C1629} = {F9A4A3F0-2B7D-4F54-B355-C8E3E1D7D1DF}
	EndGlobalSection
EndGlobal
